
Microsoft Visual Studio Solution File, Format Version 12.00
# Visual Studio 15
VisualStudioVersion = 15.0.28307.779
MinimumVisualStudioVersion = 10.0.40219.1
Project("{FAE04EC0-301F-11D3-BF4B-00C04F79EFBC}") = "Exercicios De Lista", "Exercicios De Lista\Exercicios De Lista.csproj", "{39D32106-10A2-44F6-8B06-D239455CF34E}"
EndProject
Global
	GlobalSection(SolutionConfigurationPlatforms) = preSolution
		Debug|Any CPU = Debug|Any CPU
		Release|Any CPU = Release|Any CPU
	EndGlobalSection
	GlobalSection(ProjectConfigurationPlatforms) = postSolution
		{39D32106-10A2-44F6-8B06-D239455CF34E}.Debug|Any CPU.ActiveCfg = Debug|Any CPU
		{39D32106-10A2-44F6-8B06-D239455CF34E}.Debug|Any CPU.Build.0 = Debug|Any CPU
		{39D32106-10A2-44F6-8B06-D239455CF34E}.Release|Any CPU.ActiveCfg = Release|Any CPU
		{39D32106-10A2-44F6-8B06-D239455CF34E}.Release|Any CPU.Build.0 = Release|Any CPU
	EndGlobalSection
	GlobalSection(SolutionProperties) = preSolution
		HideSolutionNode = FALSE
	EndGlobalSection
	GlobalSection(ExtensibilityGlobals) = postSolution
		SolutionGuid = {8F97DECC-CF6C-46A2-BDD0-D9C20139235A}
	EndGlobalSection
EndGlobal
